
Microsoft Visual Studio Solution File, Format Version 12.00
# Visual Studio Version 17
VisualStudioVersion = 17.1.32113.165
MinimumVisualStudioVersion = 10.0.40219.1
Project("{9A19103F-16F7-4668-BE54-9A1E7A4F7556}") = "App.API", "App.API\App.API.csproj", "{3D6CB231-78BA-4B64-BCAC-54C693C46B3B}"
EndProject
Project("{9A19103F-16F7-4668-BE54-9A1E7A4F7556}") = "App.IntegrationClient", "App.IntegrationClient\App.IntegrationClient.csproj", "{1771975E-4EFD-4AA7-B38B-1BFE46DCEFC2}"
EndProject
Project("{9A19103F-16F7-4668-BE54-9A1E7A4F7556}") = "BlazorServer", "BlazorServer\BlazorServer.csproj", "{25B6E350-11DC-489D-916C-9930E96D6EB3}"
EndProject
Project("{9A19103F-16F7-4668-BE54-9A1E7A4F7556}") = "BlazorWasm", "BlazorWasm\BlazorWasm.csproj", "{9BAD9DEA-5E78-4578-B48C-C9E1E5E30267}"
EndProject
Global
	GlobalSection(SolutionConfigurationPlatforms) = preSolution
		Debug|Any CPU = Debug|Any CPU
		Release|Any CPU = Release|Any CPU
	EndGlobalSection
	GlobalSection(ProjectConfigurationPlatforms) = postSolution
		{3D6CB231-78BA-4B64-BCAC-54C693C46B3B}.Debug|Any CPU.ActiveCfg = Debug|Any CPU
		{3D6CB231-78BA-4B64-BCAC-54C693C46B3B}.Debug|Any CPU.Build.0 = Debug|Any CPU
		{3D6CB231-78BA-4B64-BCAC-54C693C46B3B}.Release|Any CPU.ActiveCfg = Release|Any CPU
		{3D6CB231-78BA-4B64-BCAC-54C693C46B3B}.Release|Any CPU.Build.0 = Release|Any CPU
		{1771975E-4EFD-4AA7-B38B-1BFE46DCEFC2}.Debug|Any CPU.ActiveCfg = Debug|Any CPU
		{1771975E-4EFD-4AA7-B38B-1BFE46DCEFC2}.Debug|Any CPU.Build.0 = Debug|Any CPU
		{1771975E-4EFD-4AA7-B38B-1BFE46DCEFC2}.Release|Any CPU.ActiveCfg = Release|Any CPU
		{1771975E-4EFD-4AA7-B38B-1BFE46DCEFC2}.Release|Any CPU.Build.0 = Release|Any CPU
		{25B6E350-11DC-489D-916C-9930E96D6EB3}.Debug|Any CPU.ActiveCfg = Debug|Any CPU
		{25B6E350-11DC-489D-916C-9930E96D6EB3}.Debug|Any CPU.Build.0 = Debug|Any CPU
		{25B6E350-11DC-489D-916C-9930E96D6EB3}.Release|Any CPU.ActiveCfg = Release|Any CPU
		{25B6E350-11DC-489D-916C-9930E96D6EB3}.Release|Any CPU.Build.0 = Release|Any CPU
		{9BAD9DEA-5E78-4578-B48C-C9E1E5E30267}.Debug|Any CPU.ActiveCfg = Debug|Any CPU
		{9BAD9DEA-5E78-4578-B48C-C9E1E5E30267}.Debug|Any CPU.Build.0 = Debug|Any CPU
		{9BAD9DEA-5E78-4578-B48C-C9E1E5E30267}.Release|Any CPU.ActiveCfg = Release|Any CPU
		{9BAD9DEA-5E78-4578-B48C-C9E1E5E30267}.Release|Any CPU.Build.0 = Release|Any CPU
	EndGlobalSection
	GlobalSection(SolutionProperties) = preSolution
		HideSolutionNode = FALSE
	EndGlobalSection
	GlobalSection(ExtensibilityGlobals) = postSolution
		SolutionGuid = {F5418777-256E-49CD-B00E-EB6E8BBBFE2A}
	EndGlobalSection
EndGlobal
